{
  "name": "siste_pegawai",
  "version": "1.0.0",
  "lockfileVersion": 3,
  "requires": true,
  "packages": {
    "": {
      "name": "siste_pegawai",
      "version": "1.0.0",
      "dependencies": {
        "controllers": "^0.0.2"
      }
    },
    "node_modules/controllers": {
      "version": "0.0.2",
      "resolved": "https://registry.npmjs.org/controllers/-/controllers-0.0.2.tgz",
      "integrity": "sha512-Xhe4m8rr1reyM9jHIxaJQMR/P7ItoXvYhqFATht/5XMWcuONaFbYUNnV7/6WxR58uc+d4OHU9rLuKYK+5KUopw==",
      "engines": {
        "node": "*"
      }
    }
  }
}
