{
  "name": "siste_pegawai",
  "version": "1.0.0",
  "lockfileVersion": 3,
  "requires": true,
  "packages": {
    "": {
      "name": "siste_pegawai",
      "version": "1.0.0",
      "dependencies": {
        "@doabit/semantic-ui-sass": "^2.4.5",
        "controllers": "^0.0.2",
        "jquery": "^3.7.0",
        "popper.js": "^1.16.1"
      }
    },
    "node_modules/@doabit/semantic-ui-sass": {
      "version": "2.4.5",
      "resolved": "https://registry.npmjs.org/@doabit/semantic-ui-sass/-/semantic-ui-sass-2.4.5.tgz",
      "integrity": "sha512-22JM+johZwSwJlb8yo5E1NOBO7Cm/1KUGTIYd+o4yGXZxLTyJaX1PWh1jPZ/QlJ55A7UOFrIyG93ui3VgY5JFA=="
    },
    "node_modules/controllers": {
      "version": "0.0.2",
      "resolved": "https://registry.npmjs.org/controllers/-/controllers-0.0.2.tgz",
      "integrity": "sha512-Xhe4m8rr1reyM9jHIxaJQMR/P7ItoXvYhqFATht/5XMWcuONaFbYUNnV7/6WxR58uc+d4OHU9rLuKYK+5KUopw==",
      "engines": {
        "node": "*"
      }
    },
    "node_modules/jquery": {
      "version": "3.7.0",
      "resolved": "https://registry.npmjs.org/jquery/-/jquery-3.7.0.tgz",
      "integrity": "sha512-umpJ0/k8X0MvD1ds0P9SfowREz2LenHsQaxSohMZ5OMNEU2r0tf8pdeEFTHMFxWVxKNyU9rTtK3CWzUCTKJUeQ=="
    },
    "node_modules/popper.js": {
      "version": "1.16.1",
      "resolved": "https://registry.npmjs.org/popper.js/-/popper.js-1.16.1.tgz",
      "integrity": "sha512-Wb4p1J4zyFTbM+u6WuO4XstYx4Ky9Cewe4DWrel7B0w6VVICvPwdOpotjzcf6eD8TsckVnIMNONQyPIUFOUbCQ==",
      "deprecated": "You can find the new Popper v2 at @popperjs/core, this package is dedicated to the legacy v1",
      "funding": {
        "type": "opencollective",
        "url": "https://opencollective.com/popperjs"
      }
    }
  }
}
